
Microsoft Visual Studio Solution File, Format Version 12.00
# Visual Studio Version 17
VisualStudioVersion = 17.3.32825.248
MinimumVisualStudioVersion = 10.0.40219.1
Project("{FAE04EC0-301F-11D3-BF4B-00C04F79EFBC}") = "WpfRtfEditor", "WpfRtfEditor\WpfRtfEditor.csproj", "{927B57C4-9D30-47F0-8C95-12A47AF45826}"
EndProject
Global
	GlobalSection(SolutionConfigurationPlatforms) = preSolution
		Debug|Any CPU = Debug|Any CPU
		Release|Any CPU = Release|Any CPU
	EndGlobalSection
	GlobalSection(ProjectConfigurationPlatforms) = postSolution
		{927B57C4-9D30-47F0-8C95-12A47AF45826}.Debug|Any CPU.ActiveCfg = Debug|Any CPU
		{927B57C4-9D30-47F0-8C95-12A47AF45826}.Debug|Any CPU.Build.0 = Debug|Any CPU
		{927B57C4-9D30-47F0-8C95-12A47AF45826}.Release|Any CPU.ActiveCfg = Release|Any CPU
		{927B57C4-9D30-47F0-8C95-12A47AF45826}.Release|Any CPU.Build.0 = Release|Any CPU
	EndGlobalSection
	GlobalSection(SolutionProperties) = preSolution
		HideSolutionNode = FALSE
	EndGlobalSection
	GlobalSection(ExtensibilityGlobals) = postSolution
		SolutionGuid = {2F382A0D-0129-48FE-A467-E3FF7A1AC981}
	EndGlobalSection
EndGlobal
